// !$*UTF8*$!
{
	archiveVersion = 1;
	classes = {
	};
	objectVersion = 48;
	objects = {

/* Begin PBXBuildFile section */
		52B63E532B079BD1B58A240C /* Pods_Snacktacular.framework in Frameworks */ = {isa = PBXBuildFile; fileRef = E7F37035239B472D73B1BCAE /* Pods_Snacktacular.framework */; };
		B742896F1FD08277000A3588 /* AppDelegate.swift in Sources */ = {isa = PBXBuildFile; fileRef = B742896E1FD08277000A3588 /* AppDelegate.swift */; };
		B74289741FD08277000A3588 /* Main.storyboard in Resources */ = {isa = PBXBuildFile; fileRef = B74289721FD08277000A3588 /* Main.storyboard */; };
		B74289761FD08277000A3588 /* Assets.xcassets in Resources */ = {isa = PBXBuildFile; fileRef = B74289751FD08277000A3588 /* Assets.xcassets */; };
		B74289791FD08277000A3588 /* LaunchScreen.storyboard in Resources */ = {isa = PBXBuildFile; fileRef = B74289771FD08277000A3588 /* LaunchScreen.storyboard */; };
		B74289811FD0828C000A3588 /* DetailViewController.swift in Sources */ = {isa = PBXBuildFile; fileRef = B74289801FD0828C000A3588 /* DetailViewController.swift */; };
		B74289831FD082A1000A3588 /* PlaceListViewController.swift in Sources */ = {isa = PBXBuildFile; fileRef = B74289821FD082A1000A3588 /* PlaceListViewController.swift */; };
		B74289851FD08327000A3588 /* PlaceData.swift in Sources */ = {isa = PBXBuildFile; fileRef = B74289841FD08327000A3588 /* PlaceData.swift */; };
		B77952F31FD0E45A0048BEB9 /* UINavigationController+preferredStatusBarStype.swift in Sources */ = {isa = PBXBuildFile; fileRef = B77952F21FD0E45A0048BEB9 /* UINavigationController+preferredStatusBarStype.swift */; };
/* End PBXBuildFile section */

/* Begin PBXFileReference section */
		2532D76C4AB6E1E14D4AB4A8 /* Pods-Snacktacular.release.xcconfig */ = {isa = PBXFileReference; includeInIndex = 1; lastKnownFileType = text.xcconfig; name = "Pods-Snacktacular.release.xcconfig"; path = "Pods/Target Support Files/Pods-Snacktacular/Pods-Snacktacular.release.xcconfig"; sourceTree = "<group>"; };
		A56811D5E65E65D0B48503A3 /* Pods-Snacktacular.debug.xcconfig */ = {isa = PBXFileReference; includeInIndex = 1; lastKnownFileType = text.xcconfig; name = "Pods-Snacktacular.debug.xcconfig"; path = "Pods/Target Support Files/Pods-Snacktacular/Pods-Snacktacular.debug.xcconfig"; sourceTree = "<group>"; };
		B742896B1FD08277000A3588 /* Snacktacular.app */ = {isa = PBXFileReference; explicitFileType = wrapper.application; includeInIndex = 0; path = Snacktacular.app; sourceTree = BUILT_PRODUCTS_DIR; };
		B742896E1FD08277000A3588 /* AppDelegate.swift */ = {isa = PBXFileReference; lastKnownFileType = sourcecode.swift; path = AppDelegate.swift; sourceTree = "<group>"; };
		B74289731FD08277000A3588 /* Base */ = {isa = PBXFileReference; lastKnownFileType = file.storyboard; name = Base; path = Base.lproj/Main.storyboard; sourceTree = "<group>"; };
		B74289751FD08277000A3588 /* Assets.xcassets */ = {isa = PBXFileReference; lastKnownFileType = folder.assetcatalog; path = Assets.xcassets; sourceTree = "<group>"; };
		B74289781FD08277000A3588 /* Base */ = {isa = PBXFileReference; lastKnownFileType = file.storyboard; name = Base; path = Base.lproj/LaunchScreen.storyboard; sourceTree = "<group>"; };
		B742897A1FD08277000A3588 /* Info.plist */ = {isa = PBXFileReference; lastKnownFileType = text.plist.xml; path = Info.plist; sourceTree = "<group>"; };
		B74289801FD0828C000A3588 /* DetailViewController.swift */ = {isa = PBXFileReference; lastKnownFileType = sourcecode.swift; path = DetailViewController.swift; sourceTree = "<group>"; };
		B74289821FD082A1000A3588 /* PlaceListViewController.swift */ = {isa = PBXFileReference; lastKnownFileType = sourcecode.swift; path = PlaceListViewController.swift; sourceTree = "<group>"; };
		B74289841FD08327000A3588 /* PlaceData.swift */ = {isa = PBXFileReference; lastKnownFileType = sourcecode.swift; path = PlaceData.swift; sourceTree = "<group>"; };
		B77952F21FD0E45A0048BEB9 /* UINavigationController+preferredStatusBarStype.swift */ = {isa = PBXFileReference; lastKnownFileType = sourcecode.swift; path = "UINavigationController+preferredStatusBarStype.swift"; sourceTree = "<group>"; };
		E7F37035239B472D73B1BCAE /* Pods_Snacktacular.framework */ = {isa = PBXFileReference; explicitFileType = wrapper.framework; includeInIndex = 0; path = Pods_Snacktacular.framework; sourceTree = BUILT_PRODUCTS_DIR; };
/* End PBXFileReference section */

/* Begin PBXFrameworksBuildPhase section */
		B74289681FD08277000A3588 /* Frameworks */ = {
			isa = PBXFrameworksBuildPhase;
			buildActionMask = 2147483647;
			files = (
				52B63E532B079BD1B58A240C /* Pods_Snacktacular.framework in Frameworks */,
			);
			runOnlyForDeploymentPostprocessing = 0;
		};
/* End PBXFrameworksBuildPhase section */

/* Begin PBXGroup section */
		31B9A13451FA932BCD89DC06 /* Frameworks */ = {
			isa = PBXGroup;
			children = (
				E7F37035239B472D73B1BCAE /* Pods_Snacktacular.framework */,
			);
			name = Frameworks;
			sourceTree = "<group>";
		};
		B74289621FD08277000A3588 = {
			isa = PBXGroup;
			children = (
				B742896D1FD08277000A3588 /* Snacktacular */,
				B742896C1FD08277000A3588 /* Products */,
				CAA071EFE4CDE59AB5489D5B /* Pods */,
				31B9A13451FA932BCD89DC06 /* Frameworks */,
			);
			sourceTree = "<group>";
		};
		B742896C1FD08277000A3588 /* Products */ = {
			isa = PBXGroup;
			children = (
				B742896B1FD08277000A3588 /* Snacktacular.app */,
			);
			name = Products;
			sourceTree = "<group>";
		};
		B742896D1FD08277000A3588 /* Snacktacular */ = {
			isa = PBXGroup;
			children = (
				B742896E1FD08277000A3588 /* AppDelegate.swift */,
				B74289841FD08327000A3588 /* PlaceData.swift */,
				B77952F21FD0E45A0048BEB9 /* UINavigationController+preferredStatusBarStype.swift */,
				B74289821FD082A1000A3588 /* PlaceListViewController.swift */,
				B74289801FD0828C000A3588 /* DetailViewController.swift */,
				B74289721FD08277000A3588 /* Main.storyboard */,
				B74289751FD08277000A3588 /* Assets.xcassets */,
				B74289771FD08277000A3588 /* LaunchScreen.storyboard */,
				B742897A1FD08277000A3588 /* Info.plist */,
			);
			path = Snacktacular;
			sourceTree = "<group>";
		};
		CAA071EFE4CDE59AB5489D5B /* Pods */ = {
			isa = PBXGroup;
			children = (
				A56811D5E65E65D0B48503A3 /* Pods-Snacktacular.debug.xcconfig */,
				2532D76C4AB6E1E14D4AB4A8 /* Pods-Snacktacular.release.xcconfig */,
			);
			name = Pods;
			sourceTree = "<group>";
		};
/* End PBXGroup section */

/* Begin PBXNativeTarget section */
		B742896A1FD08277000A3588 /* Snacktacular */ = {
			isa = PBXNativeTarget;
			buildConfigurationList = B742897D1FD08277000A3588 /* Build configuration list for PBXNativeTarget "Snacktacular" */;
			buildPhases = (
				4F751B7A9CF23B06D1E8FE53 /* [CP] Check Pods Manifest.lock */,
				B74289671FD08277000A3588 /* Sources */,
				B74289681FD08277000A3588 /* Frameworks */,
				B74289691FD08277000A3588 /* Resources */,
				C9EAC50EC9FF878A2250EF54 /* [CP] Embed Pods Frameworks */,
				0276AB0B3F9860B494B5B175 /* [CP] Copy Pods Resources */,
			);
			buildRules = (
			);
			dependencies = (
			);
			name = Snacktacular;
			productName = Snacktacular;
			productReference = B742896B1FD08277000A3588 /* Snacktacular.app */;
			productType = "com.apple.product-type.application";
		};
/* End PBXNativeTarget section */

/* Begin PBXProject section */
		B74289631FD08277000A3588 /* Project object */ = {
			isa = PBXProject;
			attributes = {
				LastSwiftUpdateCheck = 0910;
				LastUpgradeCheck = 0910;
				ORGANIZATIONNAME = Kaining;
				TargetAttributes = {
					B742896A1FD08277000A3588 = {
						CreatedOnToolsVersion = 9.1;
						ProvisioningStyle = Automatic;
					};
				};
			};
			buildConfigurationList = B74289661FD08277000A3588 /* Build configuration list for PBXProject "Snacktacular" */;
			compatibilityVersion = "Xcode 8.0";
			developmentRegion = en;
			hasScannedForEncodings = 0;
			knownRegions = (
				en,
				Base,
			);
			mainGroup = B74289621FD08277000A3588;
			productRefGroup = B742896C1FD08277000A3588 /* Products */;
			projectDirPath = "";
			projectRoot = "";
			targets = (
				B742896A1FD08277000A3588 /* Snacktacular */,
			);
		};
/* End PBXProject section */

/* Begin PBXResourcesBuildPhase section */
		B74289691FD08277000A3588 /* Resources */ = {
			isa = PBXResourcesBuildPhase;
			buildActionMask = 2147483647;
			files = (
				B74289791FD08277000A3588 /* LaunchScreen.storyboard in Resources */,
				B74289761FD08277000A3588 /* Assets.xcassets in Resources */,
				B74289741FD08277000A3588 /* Main.storyboard in Resources */,
			);
			runOnlyForDeploymentPostprocessing = 0;
		};
/* End PBXResourcesBuildPhase section */

/* Begin PBXShellScriptBuildPhase section */
		0276AB0B3F9860B494B5B175 /* [CP] Copy Pods Resources */ = {
			isa = PBXShellScriptBuildPhase;
			buildActionMask = 2147483647;
			files = (
			);
			inputPaths = (
				"${SRCROOT}/Pods/Target Support Files/Pods-Snacktacular/Pods-Snacktacular-resources.sh",
				"${PODS_ROOT}/GoogleMaps/Maps/Frameworks/GoogleMaps.framework/Resources/GoogleMaps.bundle",
				"${PODS_ROOT}/GooglePlacePicker/Frameworks/GooglePlacePicker.framework/Resources/GooglePlacePicker.bundle",
				"${PODS_ROOT}/GooglePlaces/Frameworks/GooglePlaces.framework/Resources/GooglePlaces.bundle",
			);
			name = "[CP] Copy Pods Resources";
			outputPaths = (
				"${TARGET_BUILD_DIR}/${UNLOCALIZED_RESOURCES_FOLDER_PATH}",
			);
			runOnlyForDeploymentPostprocessing = 0;
			shellPath = /bin/sh;
			shellScript = "\"${SRCROOT}/Pods/Target Support Files/Pods-Snacktacular/Pods-Snacktacular-resources.sh\"\n";
			showEnvVarsInLog = 0;
		};
		4F751B7A9CF23B06D1E8FE53 /* [CP] Check Pods Manifest.lock */ = {
			isa = PBXShellScriptBuildPhase;
			buildActionMask = 2147483647;
			files = (
			);
			inputPaths = (
				"${PODS_PODFILE_DIR_PATH}/Podfile.lock",
				"${PODS_ROOT}/Manifest.lock",
			);
			name = "[CP] Check Pods Manifest.lock";
			outputPaths = (
				"$(DERIVED_FILE_DIR)/Pods-Snacktacular-checkManifestLockResult.txt",
			);
			runOnlyForDeploymentPostprocessing = 0;
			shellPath = /bin/sh;
			shellScript = "diff \"${PODS_PODFILE_DIR_PATH}/Podfile.lock\" \"${PODS_ROOT}/Manifest.lock\" > /dev/null\nif [ $? != 0 ] ; then\n    # print error to STDERR\n    echo \"error: The sandbox is not in sync with the Podfile.lock. Run 'pod install' or update your CocoaPods installation.\" >&2\n    exit 1\nfi\n# This output is used by Xcode 'outputs' to avoid re-running this script phase.\necho \"SUCCESS\" > \"${SCRIPT_OUTPUT_FILE_0}\"\n";
			showEnvVarsInLog = 0;
		};
		C9EAC50EC9FF878A2250EF54 /* [CP] Embed Pods Frameworks */ = {
			isa = PBXShellScriptBuildPhase;
			buildActionMask = 2147483647;
			files = (
			);
			inputPaths = (
			);
			name = "[CP] Embed Pods Frameworks";
			outputPaths = (
			);
			runOnlyForDeploymentPostprocessing = 0;
			shellPath = /bin/sh;
			shellScript = "\"${SRCROOT}/Pods/Target Support Files/Pods-Snacktacular/Pods-Snacktacular-frameworks.sh\"\n";
			showEnvVarsInLog = 0;
		};
/* End PBXShellScriptBuildPhase section */

/* Begin PBXSourcesBuildPhase section */
		B74289671FD08277000A3588 /* Sources */ = {
			isa = PBXSourcesBuildPhase;
			buildActionMask = 2147483647;
			files = (
				B77952F31FD0E45A0048BEB9 /* UINavigationController+preferredStatusBarStype.swift in Sources */,
				B74289831FD082A1000A3588 /* PlaceListViewController.swift in Sources */,
				B74289851FD08327000A3588 /* PlaceData.swift in Sources */,
				B74289811FD0828C000A3588 /* DetailViewController.swift in Sources */,
				B742896F1FD08277000A3588 /* AppDelegate.swift in Sources */,
			);
			runOnlyForDeploymentPostprocessing = 0;
		};
/* End PBXSourcesBuildPhase section */

/* Begin PBXVariantGroup section */
		B74289721FD08277000A3588 /* Main.storyboard */ = {
			isa = PBXVariantGroup;
			children = (
				B74289731FD08277000A3588 /* Base */,
			);
			name = Main.storyboard;
			sourceTree = "<group>";
		};
		B74289771FD08277000A3588 /* LaunchScreen.storyboard */ = {
			isa = PBXVariantGroup;
			children = (
				B74289781FD08277000A3588 /* Base */,
			);
			name = LaunchScreen.storyboard;
			sourceTree = "<group>";
		};
/* End PBXVariantGroup section */

/* Begin XCBuildConfiguration section */
		B742897B1FD08277000A3588 /* Debug */ = {
			isa = XCBuildConfiguration;
			buildSettings = {
				ALWAYS_SEARCH_USER_PATHS = NO;
				CLANG_ANALYZER_NONNULL = YES;
				CLANG_ANALYZER_NUMBER_OBJECT_CONVERSION = YES_AGGRESSIVE;
				CLANG_CXX_LANGUAGE_STANDARD = "gnu++14";
				CLANG_CXX_LIBRARY = "libc++";
				CLANG_ENABLE_MODULES = YES;
				CLANG_ENABLE_OBJC_ARC = YES;
				CLANG_WARN_BLOCK_CAPTURE_AUTORELEASING = YES;
				CLANG_WARN_BOOL_CONVERSION = YES;
				CLANG_WARN_COMMA = YES;
				CLANG_WARN_CONSTANT_CONVERSION = YES;
				CLANG_WARN_DIRECT_OBJC_ISA_USAGE = YES_ERROR;
				CLANG_WARN_DOCUMENTATION_COMMENTS = YES;
				CLANG_WARN_EMPTY_BODY = YES;
				CLANG_WARN_ENUM_CONVERSION = YES;
				CLANG_WARN_INFINITE_RECURSION = YES;
				CLANG_WARN_INT_CONVERSION = YES;
				CLANG_WARN_NON_LITERAL_NULL_CONVERSION = YES;
				CLANG_WARN_OBJC_LITERAL_CONVERSION = YES;
				CLANG_WARN_OBJC_ROOT_CLASS = YES_ERROR;
				CLANG_WARN_RANGE_LOOP_ANALYSIS = YES;
				CLANG_WARN_STRICT_PROTOTYPES = YES;
				CLANG_WARN_SUSPICIOUS_MOVE = YES;
				CLANG_WARN_UNGUARDED_AVAILABILITY = YES_AGGRESSIVE;
				CLANG_WARN_UNREACHABLE_CODE = YES;
				CLANG_WARN__DUPLICATE_METHOD_MATCH = YES;
				CODE_SIGN_IDENTITY = "iPhone Developer";
				COPY_PHASE_STRIP = NO;
				DEBUG_INFORMATION_FORMAT = dwarf;
				ENABLE_STRICT_OBJC_MSGSEND = YES;
				ENABLE_TESTABILITY = YES;
				GCC_C_LANGUAGE_STANDARD = gnu11;
				GCC_DYNAMIC_NO_PIC = NO;
				GCC_NO_COMMON_BLOCKS = YES;
				GCC_OPTIMIZATION_LEVEL = 0;
				GCC_PREPROCESSOR_DEFINITIONS = (
					"DEBUG=1",
					"$(inherited)",
				);
				GCC_WARN_64_TO_32_BIT_CONVERSION = YES;
				GCC_WARN_ABOUT_RETURN_TYPE = YES_ERROR;
				GCC_WARN_UNDECLARED_SELECTOR = YES;
				GCC_WARN_UNINITIALIZED_AUTOS = YES_AGGRESSIVE;
				GCC_WARN_UNUSED_FUNCTION = YES;
				GCC_WARN_UNUSED_VARIABLE = YES;
				IPHONEOS_DEPLOYMENT_TARGET = 11.1;
				MTL_ENABLE_DEBUG_INFO = YES;
				ONLY_ACTIVE_ARCH = YES;
				SDKROOT = iphoneos;
				SWIFT_ACTIVE_COMPILATION_CONDITIONS = DEBUG;
				SWIFT_OPTIMIZATION_LEVEL = "-Onone";
			};
			name = Debug;
		};
		B742897C1FD08277000A3588 /* Release */ = {
			isa = XCBuildConfiguration;
			buildSettings = {
				ALWAYS_SEARCH_USER_PATHS = NO;
				CLANG_ANALYZER_NONNULL = YES;
				CLANG_ANALYZER_NUMBER_OBJECT_CONVERSION = YES_AGGRESSIVE;
				CLANG_CXX_LANGUAGE_STANDARD = "gnu++14";
				CLANG_CXX_LIBRARY = "libc++";
				CLANG_ENABLE_MODULES = YES;
				CLANG_ENABLE_OBJC_ARC = YES;
				CLANG_WARN_BLOCK_CAPTURE_AUTORELEASING = YES;
				CLANG_WARN_BOOL_CONVERSION = YES;
				CLANG_WARN_COMMA = YES;
				CLANG_WARN_CONSTANT_CONVERSION = YES;
				CLANG_WARN_DIRECT_OBJC_ISA_USAGE = YES_ERROR;
				CLANG_WARN_DOCUMENTATION_COMMENTS = YES;
				CLANG_WARN_EMPTY_BODY = YES;
				CLANG_WARN_ENUM_CONVERSION = YES;
				CLANG_WARN_INFINITE_RECURSION = YES;
				CLANG_WARN_INT_CONVERSION = YES;
				CLANG_WARN_NON_LITERAL_NULL_CONVERSION = YES;
				CLANG_WARN_OBJC_LITERAL_CONVERSION = YES;
				CLANG_WARN_OBJC_ROOT_CLASS = YES_ERROR;
				CLANG_WARN_RANGE_LOOP_ANALYSIS = YES;
				CLANG_WARN_STRICT_PROTOTYPES = YES;
				CLANG_WARN_SUSPICIOUS_MOVE = YES;
				CLANG_WARN_UNGUARDED_AVAILABILITY = YES_AGGRESSIVE;
				CLANG_WARN_UNREACHABLE_CODE = YES;
				CLANG_WARN__DUPLICATE_METHOD_MATCH = YES;
				CODE_SIGN_IDENTITY = "iPhone Developer";
				COPY_PHASE_STRIP = NO;
				DEBUG_INFORMATION_FORMAT = "dwarf-with-dsym";
				ENABLE_NS_ASSERTIONS = NO;
				ENABLE_STRICT_OBJC_MSGSEND = YES;
				GCC_C_LANGUAGE_STANDARD = gnu11;
				GCC_NO_COMMON_BLOCKS = YES;
				GCC_WARN_64_TO_32_BIT_CONVERSION = YES;
				GCC_WARN_ABOUT_RETURN_TYPE = YES_ERROR;
				GCC_WARN_UNDECLARED_SELECTOR = YES;
				GCC_WARN_UNINITIALIZED_AUTOS = YES_AGGRESSIVE;
				GCC_WARN_UNUSED_FUNCTION = YES;
				GCC_WARN_UNUSED_VARIABLE = YES;
				IPHONEOS_DEPLOYMENT_TARGET = 11.1;
				MTL_ENABLE_DEBUG_INFO = NO;
				SDKROOT = iphoneos;
				SWIFT_OPTIMIZATION_LEVEL = "-Owholemodule";
				VALIDATE_PRODUCT = YES;
			};
			name = Release;
		};
		B742897E1FD08277000A3588 /* Debug */ = {
			isa = XCBuildConfiguration;
			baseConfigurationReference = A56811D5E65E65D0B48503A3 /* Pods-Snacktacular.debug.xcconfig */;
			buildSettings = {
				ASSETCATALOG_COMPILER_APPICON_NAME = AppIcon;
				CODE_SIGN_STYLE = Automatic;
				DEVELOPMENT_TEAM = 3M92AACH4S;
				INFOPLIST_FILE = Snacktacular/Info.plist;
				LD_RUNPATH_SEARCH_PATHS = "$(inherited) @executable_path/Frameworks";
				PRODUCT_BUNDLE_IDENTIFIER = com.Kaining.Snacktacular;
				PRODUCT_NAME = "$(TARGET_NAME)";
				SWIFT_VERSION = 4.0;
				TARGETED_DEVICE_FAMILY = "1,2";
			};
			name = Debug;
		};
		B742897F1FD08277000A3588 /* Release */ = {
			isa = XCBuildConfiguration;
			baseConfigurationReference = 2532D76C4AB6E1E14D4AB4A8 /* Pods-Snacktacular.release.xcconfig */;
			buildSettings = {
				ASSETCATALOG_COMPILER_APPICON_NAME = AppIcon;
				CODE_SIGN_STYLE = Automatic;
				DEVELOPMENT_TEAM = 3M92AACH4S;
				INFOPLIST_FILE = Snacktacular/Info.plist;
				LD_RUNPATH_SEARCH_PATHS = "$(inherited) @executable_path/Frameworks";
				PRODUCT_BUNDLE_IDENTIFIER = com.Kaining.Snacktacular;
				PRODUCT_NAME = "$(TARGET_NAME)";
				SWIFT_VERSION = 4.0;
				TARGETED_DEVICE_FAMILY = "1,2";
			};
			name = Release;
		};
/* End XCBuildConfiguration section */

/* Begin XCConfigurationList section */
		B74289661FD08277000A3588 /* Build configuration list for PBXProject "Snacktacular" */ = {
			isa = XCConfigurationList;
			buildConfigurations = (
				B742897B1FD08277000A3588 /* Debug */,
				B742897C1FD08277000A3588 /* Release */,
			);
			defaultConfigurationIsVisible = 0;
			defaultConfigurationName = Release;
		};
		B742897D1FD08277000A3588 /* Build configuration list for PBXNativeTarget "Snacktacular" */ = {
			isa = XCConfigurationList;
			buildConfigurations = (
				B742897E1FD08277000A3588 /* Debug */,
				B742897F1FD08277000A3588 /* Release */,
			);
			defaultConfigurationIsVisible = 0;
			defaultConfigurationName = Release;
		};
/* End XCConfigurationList section */
	};
	rootObject = B74289631FD08277000A3588 /* Project object */;
}
